
Microsoft Visual Studio Solution File, Format Version 12.00
# Visual Studio Version 17
VisualStudioVersion = 17.2.32630.192
MinimumVisualStudioVersion = 10.0.40219.1
Project("{9A19103F-16F7-4668-BE54-9A1E7A4F7556}") = "Inventory_Management", "Inventory_Management\Inventory_Management.csproj", "{ECA6DB24-6E01-4913-AB90-5D965D76AA30}"
EndProject
Global
	GlobalSection(SolutionConfigurationPlatforms) = preSolution
		Debug|Any CPU = Debug|Any CPU
		Release|Any CPU = Release|Any CPU
	EndGlobalSection
	GlobalSection(ProjectConfigurationPlatforms) = postSolution
		{ECA6DB24-6E01-4913-AB90-5D965D76AA30}.Debug|Any CPU.ActiveCfg = Debug|Any CPU
		{ECA6DB24-6E01-4913-AB90-5D965D76AA30}.Debug|Any CPU.Build.0 = Debug|Any CPU
		{ECA6DB24-6E01-4913-AB90-5D965D76AA30}.Release|Any CPU.ActiveCfg = Release|Any CPU
		{ECA6DB24-6E01-4913-AB90-5D965D76AA30}.Release|Any CPU.Build.0 = Release|Any CPU
	EndGlobalSection
	GlobalSection(SolutionProperties) = preSolution
		HideSolutionNode = FALSE
	EndGlobalSection
	GlobalSection(ExtensibilityGlobals) = postSolution
		SolutionGuid = {50F4F6D7-14D0-4B79-AFFC-8BD4CBFEB7CC}
	EndGlobalSection
EndGlobal
